
Microsoft Visual Studio Solution File, Format Version 12.00
# Visual Studio 2013
VisualStudioVersion = 12.0.30110.0
MinimumVisualStudioVersion = 10.0.40219.1
Project("{2150E333-8FDC-42A3-9474-1A3956D46DE8}") = ".nuget", ".nuget", "{5B9084A5-E336-456B-8666-EB0AE1150BDD}"
	ProjectSection(SolutionItems) = preProject
		.nuget\NuGet.Config = .nuget\NuGet.Config
		.nuget\NuGet.exe = .nuget\NuGet.exe
		.nuget\NuGet.targets = .nuget\NuGet.targets
	EndProjectSection
EndProject
Project("{2150E333-8FDC-42A3-9474-1A3956D46DE8}") = "MicroERP.Data", "MicroERP.Data", "{1D5D6158-C847-423A-B13F-C211AA2EC8EB}"
EndProject
Project("{FAE04EC0-301F-11D3-BF4B-00C04F79EFBC}") = "MicroERP.Data.Fake", "MicroERP.Data\MicroERP.Data.Fake\MicroERP.Data.Fake.csproj", "{F076D5EE-A261-44BD-9D3A-21FDF4E6E9EE}"
EndProject
Project("{2150E333-8FDC-42A3-9474-1A3956D46DE8}") = "MicroERP.Presentation", "MicroERP.Presentation", "{B4488879-40D8-4618-9E6A-160E543ADA5D}"
EndProject
Project("{FAE04EC0-301F-11D3-BF4B-00C04F79EFBC}") = "MicroERP.Presentation.WPF", "MicroERP.Presentation\MicroERP.Presentation.WPF\MicroERP.Presentation.WPF.csproj", "{46C0C94D-015B-4567-80EE-D5A281B1F774}"
EndProject
Project("{FAE04EC0-301F-11D3-BF4B-00C04F79EFBC}") = "MicroERP.Presentation.WinRT", "MicroERP.Presentation\MicroERP.Presentation.WinRT\MicroERP.Presentation.WinRT.csproj", "{EBB5CDB9-48A2-44E4-8D7F-2203B988A465}"
EndProject
Project("{FAE04EC0-301F-11D3-BF4B-00C04F79EFBC}") = "MicroERP.Data.Api", "MicroERP.Data\MicroERP.Data.Api\MicroERP.Data.Api.csproj", "{1F7F20BC-7A77-4BE9-9461-DC2E9363CBB6}"
EndProject
Project("{2150E333-8FDC-42A3-9474-1A3956D46DE8}") = "MicroERP.Business", "MicroERP.Business", "{391AB92B-A80C-487A-9F89-79C3E6978466}"
EndProject
Project("{FAE04EC0-301F-11D3-BF4B-00C04F79EFBC}") = "MicroERP.Business.Core", "MicroERP.Business\MicroERP.Business.Core\MicroERP.Business.Core.csproj", "{AE39A37C-0E3B-46E1-9308-1C93BF6222CA}"
EndProject
Project("{FAE04EC0-301F-11D3-BF4B-00C04F79EFBC}") = "MicroERP.Business.Domain", "MicroERP.Business\MicroERP.Business.Domain\MicroERP.Business.Domain.csproj", "{DA03CDEB-BA42-446D-8610-2244AC85F8C3}"
EndProject
Global
	GlobalSection(SolutionConfigurationPlatforms) = preSolution
		Debug|Any CPU = Debug|Any CPU
		Debug|ARM = Debug|ARM
		Debug|x64 = Debug|x64
		Debug|x86 = Debug|x86
		Release|Any CPU = Release|Any CPU
		Release|ARM = Release|ARM
		Release|x64 = Release|x64
		Release|x86 = Release|x86
	EndGlobalSection
	GlobalSection(ProjectConfigurationPlatforms) = postSolution
		{F076D5EE-A261-44BD-9D3A-21FDF4E6E9EE}.Debug|Any CPU.ActiveCfg = Debug|Any CPU
		{F076D5EE-A261-44BD-9D3A-21FDF4E6E9EE}.Debug|Any CPU.Build.0 = Debug|Any CPU
		{F076D5EE-A261-44BD-9D3A-21FDF4E6E9EE}.Debug|ARM.ActiveCfg = Debug|Any CPU
		{F076D5EE-A261-44BD-9D3A-21FDF4E6E9EE}.Debug|x64.ActiveCfg = Debug|Any CPU
		{F076D5EE-A261-44BD-9D3A-21FDF4E6E9EE}.Debug|x86.ActiveCfg = Debug|Any CPU
		{F076D5EE-A261-44BD-9D3A-21FDF4E6E9EE}.Release|Any CPU.ActiveCfg = Release|Any CPU
		{F076D5EE-A261-44BD-9D3A-21FDF4E6E9EE}.Release|Any CPU.Build.0 = Release|Any CPU
		{F076D5EE-A261-44BD-9D3A-21FDF4E6E9EE}.Release|ARM.ActiveCfg = Release|Any CPU
		{F076D5EE-A261-44BD-9D3A-21FDF4E6E9EE}.Release|x64.ActiveCfg = Release|Any CPU
		{F076D5EE-A261-44BD-9D3A-21FDF4E6E9EE}.Release|x86.ActiveCfg = Release|Any CPU
		{46C0C94D-015B-4567-80EE-D5A281B1F774}.Debug|Any CPU.ActiveCfg = Debug|Any CPU
		{46C0C94D-015B-4567-80EE-D5A281B1F774}.Debug|Any CPU.Build.0 = Debug|Any CPU
		{46C0C94D-015B-4567-80EE-D5A281B1F774}.Debug|ARM.ActiveCfg = Debug|Any CPU
		{46C0C94D-015B-4567-80EE-D5A281B1F774}.Debug|x64.ActiveCfg = Debug|Any CPU
		{46C0C94D-015B-4567-80EE-D5A281B1F774}.Debug|x86.ActiveCfg = Debug|Any CPU
		{46C0C94D-015B-4567-80EE-D5A281B1F774}.Release|Any CPU.ActiveCfg = Release|Any CPU
		{46C0C94D-015B-4567-80EE-D5A281B1F774}.Release|Any CPU.Build.0 = Release|Any CPU
		{46C0C94D-015B-4567-80EE-D5A281B1F774}.Release|ARM.ActiveCfg = Release|Any CPU
		{46C0C94D-015B-4567-80EE-D5A281B1F774}.Release|x64.ActiveCfg = Release|Any CPU
		{46C0C94D-015B-4567-80EE-D5A281B1F774}.Release|x86.ActiveCfg = Release|Any CPU
		{EBB5CDB9-48A2-44E4-8D7F-2203B988A465}.Debug|Any CPU.ActiveCfg = Debug|Any CPU
		{EBB5CDB9-48A2-44E4-8D7F-2203B988A465}.Debug|Any CPU.Build.0 = Debug|Any CPU
		{EBB5CDB9-48A2-44E4-8D7F-2203B988A465}.Debug|Any CPU.Deploy.0 = Debug|Any CPU
		{EBB5CDB9-48A2-44E4-8D7F-2203B988A465}.Debug|ARM.ActiveCfg = Debug|ARM
		{EBB5CDB9-48A2-44E4-8D7F-2203B988A465}.Debug|ARM.Build.0 = Debug|ARM
		{EBB5CDB9-48A2-44E4-8D7F-2203B988A465}.Debug|ARM.Deploy.0 = Debug|ARM
		{EBB5CDB9-48A2-44E4-8D7F-2203B988A465}.Debug|x64.ActiveCfg = Debug|x64
		{EBB5CDB9-48A2-44E4-8D7F-2203B988A465}.Debug|x64.Build.0 = Debug|x64
		{EBB5CDB9-48A2-44E4-8D7F-2203B988A465}.Debug|x64.Deploy.0 = Debug|x64
		{EBB5CDB9-48A2-44E4-8D7F-2203B988A465}.Debug|x86.ActiveCfg = Debug|x86
		{EBB5CDB9-48A2-44E4-8D7F-2203B988A465}.Debug|x86.Build.0 = Debug|x86
		{EBB5CDB9-48A2-44E4-8D7F-2203B988A465}.Debug|x86.Deploy.0 = Debug|x86
		{EBB5CDB9-48A2-44E4-8D7F-2203B988A465}.Release|Any CPU.ActiveCfg = Release|Any CPU
		{EBB5CDB9-48A2-44E4-8D7F-2203B988A465}.Release|Any CPU.Build.0 = Release|Any CPU
		{EBB5CDB9-48A2-44E4-8D7F-2203B988A465}.Release|Any CPU.Deploy.0 = Release|Any CPU
		{EBB5CDB9-48A2-44E4-8D7F-2203B988A465}.Release|ARM.ActiveCfg = Release|ARM
		{EBB5CDB9-48A2-44E4-8D7F-2203B988A465}.Release|ARM.Build.0 = Release|ARM
		{EBB5CDB9-48A2-44E4-8D7F-2203B988A465}.Release|ARM.Deploy.0 = Release|ARM
		{EBB5CDB9-48A2-44E4-8D7F-2203B988A465}.Release|x64.ActiveCfg = Release|x64
		{EBB5CDB9-48A2-44E4-8D7F-2203B988A465}.Release|x64.Build.0 = Release|x64
		{EBB5CDB9-48A2-44E4-8D7F-2203B988A465}.Release|x64.Deploy.0 = Release|x64
		{EBB5CDB9-48A2-44E4-8D7F-2203B988A465}.Release|x86.ActiveCfg = Release|x86
		{EBB5CDB9-48A2-44E4-8D7F-2203B988A465}.Release|x86.Build.0 = Release|x86
		{EBB5CDB9-48A2-44E4-8D7F-2203B988A465}.Release|x86.Deploy.0 = Release|x86
		{1F7F20BC-7A77-4BE9-9461-DC2E9363CBB6}.Debug|Any CPU.ActiveCfg = Debug|Any CPU
		{1F7F20BC-7A77-4BE9-9461-DC2E9363CBB6}.Debug|Any CPU.Build.0 = Debug|Any CPU
		{1F7F20BC-7A77-4BE9-9461-DC2E9363CBB6}.Debug|ARM.ActiveCfg = Debug|Any CPU
		{1F7F20BC-7A77-4BE9-9461-DC2E9363CBB6}.Debug|x64.ActiveCfg = Debug|Any CPU
		{1F7F20BC-7A77-4BE9-9461-DC2E9363CBB6}.Debug|x86.ActiveCfg = Debug|Any CPU
		{1F7F20BC-7A77-4BE9-9461-DC2E9363CBB6}.Release|Any CPU.ActiveCfg = Release|Any CPU
		{1F7F20BC-7A77-4BE9-9461-DC2E9363CBB6}.Release|Any CPU.Build.0 = Release|Any CPU
		{1F7F20BC-7A77-4BE9-9461-DC2E9363CBB6}.Release|ARM.ActiveCfg = Release|Any CPU
		{1F7F20BC-7A77-4BE9-9461-DC2E9363CBB6}.Release|x64.ActiveCfg = Release|Any CPU
		{1F7F20BC-7A77-4BE9-9461-DC2E9363CBB6}.Release|x86.ActiveCfg = Release|Any CPU
		{AE39A37C-0E3B-46E1-9308-1C93BF6222CA}.Debug|Any CPU.ActiveCfg = Debug|Any CPU
		{AE39A37C-0E3B-46E1-9308-1C93BF6222CA}.Debug|Any CPU.Build.0 = Debug|Any CPU
		{AE39A37C-0E3B-46E1-9308-1C93BF6222CA}.Debug|ARM.ActiveCfg = Debug|Any CPU
		{AE39A37C-0E3B-46E1-9308-1C93BF6222CA}.Debug|x64.ActiveCfg = Debug|Any CPU
		{AE39A37C-0E3B-46E1-9308-1C93BF6222CA}.Debug|x86.ActiveCfg = Debug|Any CPU
		{AE39A37C-0E3B-46E1-9308-1C93BF6222CA}.Release|Any CPU.ActiveCfg = Release|Any CPU
		{AE39A37C-0E3B-46E1-9308-1C93BF6222CA}.Release|Any CPU.Build.0 = Release|Any CPU
		{AE39A37C-0E3B-46E1-9308-1C93BF6222CA}.Release|ARM.ActiveCfg = Release|Any CPU
		{AE39A37C-0E3B-46E1-9308-1C93BF6222CA}.Release|x64.ActiveCfg = Release|Any CPU
		{AE39A37C-0E3B-46E1-9308-1C93BF6222CA}.Release|x86.ActiveCfg = Release|Any CPU
		{DA03CDEB-BA42-446D-8610-2244AC85F8C3}.Debug|Any CPU.ActiveCfg = Debug|Any CPU
		{DA03CDEB-BA42-446D-8610-2244AC85F8C3}.Debug|Any CPU.Build.0 = Debug|Any CPU
		{DA03CDEB-BA42-446D-8610-2244AC85F8C3}.Debug|ARM.ActiveCfg = Debug|Any CPU
		{DA03CDEB-BA42-446D-8610-2244AC85F8C3}.Debug|x64.ActiveCfg = Debug|Any CPU
		{DA03CDEB-BA42-446D-8610-2244AC85F8C3}.Debug|x86.ActiveCfg = Debug|Any CPU
		{DA03CDEB-BA42-446D-8610-2244AC85F8C3}.Release|Any CPU.ActiveCfg = Release|Any CPU
		{DA03CDEB-BA42-446D-8610-2244AC85F8C3}.Release|Any CPU.Build.0 = Release|Any CPU
		{DA03CDEB-BA42-446D-8610-2244AC85F8C3}.Release|ARM.ActiveCfg = Release|Any CPU
		{DA03CDEB-BA42-446D-8610-2244AC85F8C3}.Release|x64.ActiveCfg = Release|Any CPU
		{DA03CDEB-BA42-446D-8610-2244AC85F8C3}.Release|x86.ActiveCfg = Release|Any CPU
	EndGlobalSection
	GlobalSection(SolutionProperties) = preSolution
		HideSolutionNode = FALSE
	EndGlobalSection
	GlobalSection(NestedProjects) = preSolution
		{F076D5EE-A261-44BD-9D3A-21FDF4E6E9EE} = {1D5D6158-C847-423A-B13F-C211AA2EC8EB}
		{1F7F20BC-7A77-4BE9-9461-DC2E9363CBB6} = {1D5D6158-C847-423A-B13F-C211AA2EC8EB}
		{46C0C94D-015B-4567-80EE-D5A281B1F774} = {B4488879-40D8-4618-9E6A-160E543ADA5D}
		{EBB5CDB9-48A2-44E4-8D7F-2203B988A465} = {B4488879-40D8-4618-9E6A-160E543ADA5D}
		{AE39A37C-0E3B-46E1-9308-1C93BF6222CA} = {391AB92B-A80C-487A-9F89-79C3E6978466}
		{DA03CDEB-BA42-446D-8610-2244AC85F8C3} = {391AB92B-A80C-487A-9F89-79C3E6978466}
	EndGlobalSection
EndGlobal
